// !$*UTF8*$!
{
	archiveVersion = 1;
	classes = {
	};
	objectVersion = 46;
	objects = {

/* Begin PBXBuildFile section */
		31C74014DC7CD83C5835CA97 /* B_11728.swift in Sources */ = {isa = PBXBuildFile; fileRef = 31C7410B8640DD77BCD496E1 /* B_11728.swift */; };
		31C740767C025FA013F6EEC9 /* B_10872.swift in Sources */ = {isa = PBXBuildFile; fileRef = 31C744652B851671B17A8310 /* B_10872.swift */; };
		31C740BC32C80D8B4D73C374 /* B_1003.swift in Sources */ = {isa = PBXBuildFile; fileRef = 31C74812F53D27E6BA1574EC /* B_1003.swift */; };
		31C740E178BA13EDBC08F9D3 /* B_1929.swift in Sources */ = {isa = PBXBuildFile; fileRef = 31C74B1FF2B7927EB2EA4001 /* B_1929.swift */; };
		31C7412B40FDA73F4CC64100 /* P_2016.swift in Sources */ = {isa = PBXBuildFile; fileRef = 31C740C249438FAB47DFD829 /* P_2016.swift */; };
		31C741F5244AA228E2AF6EE2 /* B_10818.swift in Sources */ = {isa = PBXBuildFile; fileRef = 31C74F05303817B24D1AD91B /* B_10818.swift */; };
		31C741FCF27B949BD340F8AA /* B_10808.swift in Sources */ = {isa = PBXBuildFile; fileRef = 31C74037798F77E912DA1489 /* B_10808.swift */; };
		31C7421876D70CEC253C5BDF /* B_1924.swift in Sources */ = {isa = PBXBuildFile; fileRef = 31C74F6716A42B0779479006 /* B_1924.swift */; };
		31C7423F6D230F93CE6D8B95 /* Line_TrafficCard.swift in Sources */ = {isa = PBXBuildFile; fileRef = 31C74A2173EA30586A30EB15 /* Line_TrafficCard.swift */; };
		31C74253E338D91967458A3A /* main.swift in Sources */ = {isa = PBXBuildFile; fileRef = 31C74189462D00E5774733B9 /* main.swift */; };
		31C742A4739E4741405875FE /* P_SumOfDivisors.swift in Sources */ = {isa = PBXBuildFile; fileRef = 31C74C99A0CFF5D057055861 /* P_SumOfDivisors.swift */; };
		31C743D3DD6A0615F28400DF /* Line_RLE.swift in Sources */ = {isa = PBXBuildFile; fileRef = 31C740A78E016248969EE2C0 /* Line_RLE.swift */; };
		31C744BAF0E373A1674EF2EF /* B_10825.swift in Sources */ = {isa = PBXBuildFile; fileRef = 31C7422080AF685DF4C6390D /* B_10825.swift */; };
		31C7450574C67C5669C4F0CE /* Cupist_IntersectionRectArea.swift in Sources */ = {isa = PBXBuildFile; fileRef = 31C74101E05BFABB899E9FB2 /* Cupist_IntersectionRectArea.swift */; };
		31C745F1432526D7C5BA7660 /* B_2747.swift in Sources */ = {isa = PBXBuildFile; fileRef = 31C74179C7187D80A91A10A6 /* B_2747.swift */; };
		31C7465D3438B84F0355F6D6 /* B_1260.swift in Sources */ = {isa = PBXBuildFile; fileRef = 31C746648A6BCFC2C73EDF1B /* B_1260.swift */; };
		31C746D42F70AD07E29D41BC /* B_10826.swift in Sources */ = {isa = PBXBuildFile; fileRef = 31C74B3D197209C3E5D8BE38 /* B_10826.swift */; };
		31C7478345CB5192E90ABB3D /* B_11718.swift in Sources */ = {isa = PBXBuildFile; fileRef = 31C742EC06AE4C00D6807228 /* B_11718.swift */; };
		31C74787F0397B04364A7809 /* B_9613.swift in Sources */ = {isa = PBXBuildFile; fileRef = 31C74A92DC2A118692532FEC /* B_9613.swift */; };
		31C74860789A7FEF185C3D2C /* TestAlgorithm.swift in Sources */ = {isa = PBXBuildFile; fileRef = 31C74F09C636E7509EE916E0 /* TestAlgorithm.swift */; };
		31C7489B6AFEF015924CA305 /* P_LastPoint.swift in Sources */ = {isa = PBXBuildFile; fileRef = 31C740CFAC8957FF4AFF24A0 /* P_LastPoint.swift */; };
		31C748A49058F99488ABE881 /* B_10828.swift in Sources */ = {isa = PBXBuildFile; fileRef = 31C741D826056F65B9D48927 /* B_10828.swift */; };
		31C748A9FEA51FA7896031AF /* Kakaopay_PhoneNum.swift in Sources */ = {isa = PBXBuildFile; fileRef = 31C74857DF84FFCF9CCCD2FE /* Kakaopay_PhoneNum.swift */; };
		31C749512864298F47F6595E /* P_SpacedByX.swift in Sources */ = {isa = PBXBuildFile; fileRef = 31C747B2D88465230C0A5A4E /* P_SpacedByX.swift */; };
		31C749736CC2D9E98D31C69C /* B_11720.swift in Sources */ = {isa = PBXBuildFile; fileRef = 31C7429D6DB7AAFA33C50620 /* B_11720.swift */; };
		31C74A5A2F58FAFDE75E3659 /* B_2745.swift in Sources */ = {isa = PBXBuildFile; fileRef = 31C7480AD7AD860771F84318 /* B_2745.swift */; };
		31C74B68D4592FB3EEA2B3BC /* B_2527.swift in Sources */ = {isa = PBXBuildFile; fileRef = 31C74955076A870801DA864C /* B_2527.swift */; };
		31C74BEE67891A370D675F97 /* B_1152.swift in Sources */ = {isa = PBXBuildFile; fileRef = 31C747F84944DA0AAED5CB27 /* B_1152.swift */; };
		31C74CBFD3FCC2BDFA18CCE6 /* B_11719.swift in Sources */ = {isa = PBXBuildFile; fileRef = 31C7444BA434A220C815F345 /* B_11719.swift */; };
		31C74D863F636EA248412FEA /* P_Budget.swift in Sources */ = {isa = PBXBuildFile; fileRef = 31C74502C71756859306BF06 /* P_Budget.swift */; };
		31C74E2A812E6646F903CD89 /* P_NewsClustering.swift in Sources */ = {isa = PBXBuildFile; fileRef = 31C749BD1C56F5AAD89639B4 /* P_NewsClustering.swift */; };
		31C74E35A95ECAD3BD41ADCD /* B_11005.swift in Sources */ = {isa = PBXBuildFile; fileRef = 31C743FF5529D99FB2372534 /* B_11005.swift */; };
		31C74E3F55C8349268BA9980 /* B_10824.swift in Sources */ = {isa = PBXBuildFile; fileRef = 31C740A854A713A7F61626E4 /* B_10824.swift */; };
		3610B24F229D671500C2C25E /* P_FindKim.swift in Sources */ = {isa = PBXBuildFile; fileRef = 3610B24E229D671500C2C25E /* P_FindKim.swift */; };
		3610B252229D697200C2C25E /* P_GymSuit.swift in Sources */ = {isa = PBXBuildFile; fileRef = 3610B251229D697200C2C25E /* P_GymSuit.swift */; };
		3610B254229EB83C00C2C25E /* P_MakeBigNumber.swift in Sources */ = {isa = PBXBuildFile; fileRef = 3610B253229EB83C00C2C25E /* P_MakeBigNumber.swift */; };
		362DB882232E9DF6003CF5CF /* StringExtensions.swift in Sources */ = {isa = PBXBuildFile; fileRef = 362DB881232E9DF6003CF5CF /* StringExtensions.swift */; };
		363173AA24B1DD4F004468B8 /* TapeEquilibrium.swift in Sources */ = {isa = PBXBuildFile; fileRef = 363173A924B1DD4F004468B8 /* TapeEquilibrium.swift */; };
		363173AD24B1EC9F004468B8 /* JobFair_Anagram.swift in Sources */ = {isa = PBXBuildFile; fileRef = 363173AC24B1EC9F004468B8 /* JobFair_Anagram.swift */; };
		364F9D4625E23822007B45B3 /* P_SkillTree.swift in Sources */ = {isa = PBXBuildFile; fileRef = 364F9D4525E23822007B45B3 /* P_SkillTree.swift */; };
		364F9D4925E248D2007B45B3 /* P_EnglishEnding.swift in Sources */ = {isa = PBXBuildFile; fileRef = 364F9D4825E248D2007B45B3 /* P_EnglishEnding.swift */; };
		364F9D4C25E267DB007B45B3 /* CollectionExtensions.swift in Sources */ = {isa = PBXBuildFile; fileRef = 364F9D4B25E267DB007B45B3 /* CollectionExtensions.swift */; };
		364F9D4F25E26A29007B45B3 /* P_MakePrimeNumber.swift in Sources */ = {isa = PBXBuildFile; fileRef = 364F9D4E25E26A29007B45B3 /* P_MakePrimeNumber.swift */; };
		364F9D5225E276AF007B45B3 /* P_JumpAndTeleport.swift in Sources */ = {isa = PBXBuildFile; fileRef = 364F9D5125E276AF007B45B3 /* P_JumpAndTeleport.swift */; };
		3664A13C231795930008EDB3 /* InsertionSort.swift in Sources */ = {isa = PBXBuildFile; fileRef = 3664A13B231795930008EDB3 /* InsertionSort.swift */; };
		3664A13E231795A30008EDB3 /* BubbleSort.swift in Sources */ = {isa = PBXBuildFile; fileRef = 3664A13D231795A30008EDB3 /* BubbleSort.swift */; };
		3664A140231795AD0008EDB3 /* SelectionSort.swift in Sources */ = {isa = PBXBuildFile; fileRef = 3664A13F231795AD0008EDB3 /* SelectionSort.swift */; };
		3687C8882340D05600C852DB /* HandCoding.swift in Sources */ = {isa = PBXBuildFile; fileRef = 3687C8872340D05600C852DB /* HandCoding.swift */; };
		36986DB4232CCBF0001B7A3A /* BinaryGap.swift in Sources */ = {isa = PBXBuildFile; fileRef = 36986DB3232CCBF0001B7A3A /* BinaryGap.swift */; };
		36986DB6232CD40D001B7A3A /* OddOccurrencesInArray.swift in Sources */ = {isa = PBXBuildFile; fileRef = 36986DB5232CD40D001B7A3A /* OddOccurrencesInArray.swift */; };
		36986DB8232D0704001B7A3A /* CyclicRotation.swift in Sources */ = {isa = PBXBuildFile; fileRef = 36986DB7232D0704001B7A3A /* CyclicRotation.swift */; };
		36986DBA232D0FA0001B7A3A /* FrogJmp.swift in Sources */ = {isa = PBXBuildFile; fileRef = 36986DB9232D0FA0001B7A3A /* FrogJmp.swift */; };
		36986DBC232D32ED001B7A3A /* PermMissingElem.swift in Sources */ = {isa = PBXBuildFile; fileRef = 36986DBB232D32ED001B7A3A /* PermMissingElem.swift */; };
		36A73F1E232F6ECD009AD57B /* Naver_Intern_1.swift in Sources */ = {isa = PBXBuildFile; fileRef = 36A73F1D232F6ECD009AD57B /* Naver_Intern_1.swift */; };
		36A73F20232F6ED6009AD57B /* Naver_Intern_2.swift in Sources */ = {isa = PBXBuildFile; fileRef = 36A73F1F232F6ED6009AD57B /* Naver_Intern_2.swift */; };
		36A73F22232F6EE2009AD57B /* Naver_Intern_3.swift in Sources */ = {isa = PBXBuildFile; fileRef = 36A73F21232F6EE2009AD57B /* Naver_Intern_3.swift */; };
		36B6D88122659C7300AFFF6C /* B_10845.swift in Sources */ = {isa = PBXBuildFile; fileRef = 36B6D88022659C7300AFFF6C /* B_10845.swift */; };
		36D6CDAF25BEC7C2006D9D24 /* B_1463.swift in Sources */ = {isa = PBXBuildFile; fileRef = 36D6CDAE25BEC7C2006D9D24 /* B_1463.swift */; };
		36D6CDB325BED088006D9D24 /* P_SumBetweenTwoNumbers.swift in Sources */ = {isa = PBXBuildFile; fileRef = 36D6CDB225BED088006D9D24 /* P_SumBetweenTwoNumbers.swift */; };
		36FA8F5B2266C7BB00608635 /* B_11050.swift in Sources */ = {isa = PBXBuildFile; fileRef = 36FA8F5A2266C7BB00608635 /* B_11050.swift */; };
		36FA8F5E2266DB0800608635 /* B_11729.swift in Sources */ = {isa = PBXBuildFile; fileRef = 36FA8F5D2266DB0800608635 /* B_11729.swift */; };
/* End PBXBuildFile section */

/* Begin PBXCopyFilesBuildPhase section */
		31C74A06B00A217BE2CFE5C3 /* CopyFiles */ = {
			isa = PBXCopyFilesBuildPhase;
			buildActionMask = 2147483647;
			dstPath = /usr/share/man/man1/;
			dstSubfolderSpec = 0;
			files = (
			);
			runOnlyForDeploymentPostprocessing = 1;
		};
/* End PBXCopyFilesBuildPhase section */

/* Begin PBXFileReference section */
		31C74037798F77E912DA1489 /* B_10808.swift */ = {isa = PBXFileReference; fileEncoding = 4; lastKnownFileType = sourcecode.swift; path = B_10808.swift; sourceTree = "<group>"; };
		31C740A78E016248969EE2C0 /* Line_RLE.swift */ = {isa = PBXFileReference; fileEncoding = 4; lastKnownFileType = sourcecode.swift; path = Line_RLE.swift; sourceTree = "<group>"; };
		31C740A854A713A7F61626E4 /* B_10824.swift */ = {isa = PBXFileReference; fileEncoding = 4; lastKnownFileType = sourcecode.swift; path = B_10824.swift; sourceTree = "<group>"; };
		31C740C249438FAB47DFD829 /* P_2016.swift */ = {isa = PBXFileReference; fileEncoding = 4; lastKnownFileType = sourcecode.swift; path = P_2016.swift; sourceTree = "<group>"; };
		31C740CFAC8957FF4AFF24A0 /* P_LastPoint.swift */ = {isa = PBXFileReference; fileEncoding = 4; lastKnownFileType = sourcecode.swift; path = P_LastPoint.swift; sourceTree = "<group>"; };
		31C74101E05BFABB899E9FB2 /* Cupist_IntersectionRectArea.swift */ = {isa = PBXFileReference; fileEncoding = 4; lastKnownFileType = sourcecode.swift; path = Cupist_IntersectionRectArea.swift; sourceTree = "<group>"; };
		31C7410B8640DD77BCD496E1 /* B_11728.swift */ = {isa = PBXFileReference; fileEncoding = 4; lastKnownFileType = sourcecode.swift; path = B_11728.swift; sourceTree = "<group>"; };
		31C74179C7187D80A91A10A6 /* B_2747.swift */ = {isa = PBXFileReference; fileEncoding = 4; lastKnownFileType = sourcecode.swift; path = B_2747.swift; sourceTree = "<group>"; };
		31C74189462D00E5774733B9 /* main.swift */ = {isa = PBXFileReference; lastKnownFileType = sourcecode.swift; path = main.swift; sourceTree = "<group>"; };
		31C741D826056F65B9D48927 /* B_10828.swift */ = {isa = PBXFileReference; fileEncoding = 4; lastKnownFileType = sourcecode.swift; path = B_10828.swift; sourceTree = "<group>"; };
		31C7422080AF685DF4C6390D /* B_10825.swift */ = {isa = PBXFileReference; fileEncoding = 4; lastKnownFileType = sourcecode.swift; path = B_10825.swift; sourceTree = "<group>"; };
		31C7429D6DB7AAFA33C50620 /* B_11720.swift */ = {isa = PBXFileReference; fileEncoding = 4; lastKnownFileType = sourcecode.swift; path = B_11720.swift; sourceTree = "<group>"; };
		31C742EC06AE4C00D6807228 /* B_11718.swift */ = {isa = PBXFileReference; fileEncoding = 4; lastKnownFileType = sourcecode.swift; path = B_11718.swift; sourceTree = "<group>"; };
		31C743FF5529D99FB2372534 /* B_11005.swift */ = {isa = PBXFileReference; fileEncoding = 4; lastKnownFileType = sourcecode.swift; path = B_11005.swift; sourceTree = "<group>"; };
		31C7444BA434A220C815F345 /* B_11719.swift */ = {isa = PBXFileReference; fileEncoding = 4; lastKnownFileType = sourcecode.swift; path = B_11719.swift; sourceTree = "<group>"; };
		31C744652B851671B17A8310 /* B_10872.swift */ = {isa = PBXFileReference; fileEncoding = 4; lastKnownFileType = sourcecode.swift; path = B_10872.swift; sourceTree = "<group>"; };
		31C74502C71756859306BF06 /* P_Budget.swift */ = {isa = PBXFileReference; fileEncoding = 4; lastKnownFileType = sourcecode.swift; path = P_Budget.swift; sourceTree = "<group>"; };
		31C7456893631F7493330634 /* AlgorithmSwift */ = {isa = PBXFileReference; explicitFileType = "compiled.mach-o.executable"; includeInIndex = 0; path = AlgorithmSwift; sourceTree = BUILT_PRODUCTS_DIR; };
		31C746648A6BCFC2C73EDF1B /* B_1260.swift */ = {isa = PBXFileReference; fileEncoding = 4; lastKnownFileType = sourcecode.swift; path = B_1260.swift; sourceTree = "<group>"; };
		31C747B2D88465230C0A5A4E /* P_SpacedByX.swift */ = {isa = PBXFileReference; fileEncoding = 4; lastKnownFileType = sourcecode.swift; path = P_SpacedByX.swift; sourceTree = "<group>"; };
		31C747F84944DA0AAED5CB27 /* B_1152.swift */ = {isa = PBXFileReference; fileEncoding = 4; lastKnownFileType = sourcecode.swift; path = B_1152.swift; sourceTree = "<group>"; };
		31C7480AD7AD860771F84318 /* B_2745.swift */ = {isa = PBXFileReference; fileEncoding = 4; lastKnownFileType = sourcecode.swift; path = B_2745.swift; sourceTree = "<group>"; };
		31C74812F53D27E6BA1574EC /* B_1003.swift */ = {isa = PBXFileReference; fileEncoding = 4; lastKnownFileType = sourcecode.swift; path = B_1003.swift; sourceTree = "<group>"; };
		31C74857DF84FFCF9CCCD2FE /* Kakaopay_PhoneNum.swift */ = {isa = PBXFileReference; fileEncoding = 4; lastKnownFileType = sourcecode.swift; path = Kakaopay_PhoneNum.swift; sourceTree = "<group>"; };
		31C74955076A870801DA864C /* B_2527.swift */ = {isa = PBXFileReference; fileEncoding = 4; lastKnownFileType = sourcecode.swift; path = B_2527.swift; sourceTree = "<group>"; };
		31C749BD1C56F5AAD89639B4 /* P_NewsClustering.swift */ = {isa = PBXFileReference; fileEncoding = 4; lastKnownFileType = sourcecode.swift; path = P_NewsClustering.swift; sourceTree = "<group>"; };
		31C74A2173EA30586A30EB15 /* Line_TrafficCard.swift */ = {isa = PBXFileReference; fileEncoding = 4; lastKnownFileType = sourcecode.swift; path = Line_TrafficCard.swift; sourceTree = "<group>"; };
		31C74A92DC2A118692532FEC /* B_9613.swift */ = {isa = PBXFileReference; fileEncoding = 4; lastKnownFileType = sourcecode.swift; path = B_9613.swift; sourceTree = "<group>"; };
		31C74B1FF2B7927EB2EA4001 /* B_1929.swift */ = {isa = PBXFileReference; fileEncoding = 4; lastKnownFileType = sourcecode.swift; path = B_1929.swift; sourceTree = "<group>"; };
		31C74B3D197209C3E5D8BE38 /* B_10826.swift */ = {isa = PBXFileReference; fileEncoding = 4; lastKnownFileType = sourcecode.swift; path = B_10826.swift; sourceTree = "<group>"; };
		31C74C99A0CFF5D057055861 /* P_SumOfDivisors.swift */ = {isa = PBXFileReference; fileEncoding = 4; lastKnownFileType = sourcecode.swift; path = P_SumOfDivisors.swift; sourceTree = "<group>"; };
		31C74F05303817B24D1AD91B /* B_10818.swift */ = {isa = PBXFileReference; fileEncoding = 4; lastKnownFileType = sourcecode.swift; path = B_10818.swift; sourceTree = "<group>"; };
		31C74F09C636E7509EE916E0 /* TestAlgorithm.swift */ = {isa = PBXFileReference; fileEncoding = 4; lastKnownFileType = sourcecode.swift; path = TestAlgorithm.swift; sourceTree = "<group>"; };
		31C74F6716A42B0779479006 /* B_1924.swift */ = {isa = PBXFileReference; fileEncoding = 4; lastKnownFileType = sourcecode.swift; path = B_1924.swift; sourceTree = "<group>"; };
		3610B24E229D671500C2C25E /* P_FindKim.swift */ = {isa = PBXFileReference; lastKnownFileType = sourcecode.swift; path = P_FindKim.swift; sourceTree = "<group>"; };
		3610B251229D697200C2C25E /* P_GymSuit.swift */ = {isa = PBXFileReference; lastKnownFileType = sourcecode.swift; path = P_GymSuit.swift; sourceTree = "<group>"; };
		3610B253229EB83C00C2C25E /* P_MakeBigNumber.swift */ = {isa = PBXFileReference; lastKnownFileType = sourcecode.swift; path = P_MakeBigNumber.swift; sourceTree = "<group>"; };
		362DB881232E9DF6003CF5CF /* StringExtensions.swift */ = {isa = PBXFileReference; lastKnownFileType = sourcecode.swift; path = StringExtensions.swift; sourceTree = "<group>"; };
		363173A924B1DD4F004468B8 /* TapeEquilibrium.swift */ = {isa = PBXFileReference; lastKnownFileType = sourcecode.swift; path = TapeEquilibrium.swift; sourceTree = "<group>"; };
		363173AC24B1EC9F004468B8 /* JobFair_Anagram.swift */ = {isa = PBXFileReference; lastKnownFileType = sourcecode.swift; path = JobFair_Anagram.swift; sourceTree = "<group>"; };
		364F9D4525E23822007B45B3 /* P_SkillTree.swift */ = {isa = PBXFileReference; lastKnownFileType = sourcecode.swift; path = P_SkillTree.swift; sourceTree = "<group>"; };
		364F9D4825E248D2007B45B3 /* P_EnglishEnding.swift */ = {isa = PBXFileReference; lastKnownFileType = sourcecode.swift; path = P_EnglishEnding.swift; sourceTree = "<group>"; };
		364F9D4B25E267DB007B45B3 /* CollectionExtensions.swift */ = {isa = PBXFileReference; lastKnownFileType = sourcecode.swift; path = CollectionExtensions.swift; sourceTree = "<group>"; };
		364F9D4E25E26A29007B45B3 /* P_MakePrimeNumber.swift */ = {isa = PBXFileReference; lastKnownFileType = sourcecode.swift; path = P_MakePrimeNumber.swift; sourceTree = "<group>"; };
		364F9D5125E276AF007B45B3 /* P_JumpAndTeleport.swift */ = {isa = PBXFileReference; lastKnownFileType = sourcecode.swift; path = P_JumpAndTeleport.swift; sourceTree = "<group>"; };
		3664A13B231795930008EDB3 /* InsertionSort.swift */ = {isa = PBXFileReference; lastKnownFileType = sourcecode.swift; path = InsertionSort.swift; sourceTree = "<group>"; };
		3664A13D231795A30008EDB3 /* BubbleSort.swift */ = {isa = PBXFileReference; lastKnownFileType = sourcecode.swift; path = BubbleSort.swift; sourceTree = "<group>"; };
		3664A13F231795AD0008EDB3 /* SelectionSort.swift */ = {isa = PBXFileReference; lastKnownFileType = sourcecode.swift; path = SelectionSort.swift; sourceTree = "<group>"; };
		3687C8872340D05600C852DB /* HandCoding.swift */ = {isa = PBXFileReference; lastKnownFileType = sourcecode.swift; path = HandCoding.swift; sourceTree = "<group>"; };
		36986DB3232CCBF0001B7A3A /* BinaryGap.swift */ = {isa = PBXFileReference; lastKnownFileType = sourcecode.swift; path = BinaryGap.swift; sourceTree = "<group>"; };
		36986DB5232CD40D001B7A3A /* OddOccurrencesInArray.swift */ = {isa = PBXFileReference; lastKnownFileType = sourcecode.swift; path = OddOccurrencesInArray.swift; sourceTree = "<group>"; };
		36986DB7232D0704001B7A3A /* CyclicRotation.swift */ = {isa = PBXFileReference; lastKnownFileType = sourcecode.swift; path = CyclicRotation.swift; sourceTree = "<group>"; };
		36986DB9232D0FA0001B7A3A /* FrogJmp.swift */ = {isa = PBXFileReference; lastKnownFileType = sourcecode.swift; path = FrogJmp.swift; sourceTree = "<group>"; };
		36986DBB232D32ED001B7A3A /* PermMissingElem.swift */ = {isa = PBXFileReference; lastKnownFileType = sourcecode.swift; path = PermMissingElem.swift; sourceTree = "<group>"; };
		36A73F1D232F6ECD009AD57B /* Naver_Intern_1.swift */ = {isa = PBXFileReference; lastKnownFileType = sourcecode.swift; path = Naver_Intern_1.swift; sourceTree = "<group>"; };
		36A73F1F232F6ED6009AD57B /* Naver_Intern_2.swift */ = {isa = PBXFileReference; lastKnownFileType = sourcecode.swift; path = Naver_Intern_2.swift; sourceTree = "<group>"; };
		36A73F21232F6EE2009AD57B /* Naver_Intern_3.swift */ = {isa = PBXFileReference; lastKnownFileType = sourcecode.swift; path = Naver_Intern_3.swift; sourceTree = "<group>"; };
		36B6D88022659C7300AFFF6C /* B_10845.swift */ = {isa = PBXFileReference; lastKnownFileType = sourcecode.swift; path = B_10845.swift; sourceTree = "<group>"; };
		36D6CDAE25BEC7C2006D9D24 /* B_1463.swift */ = {isa = PBXFileReference; lastKnownFileType = sourcecode.swift; path = B_1463.swift; sourceTree = "<group>"; };
		36D6CDB225BED088006D9D24 /* P_SumBetweenTwoNumbers.swift */ = {isa = PBXFileReference; lastKnownFileType = sourcecode.swift; path = P_SumBetweenTwoNumbers.swift; sourceTree = "<group>"; };
		36FA8F5A2266C7BB00608635 /* B_11050.swift */ = {isa = PBXFileReference; lastKnownFileType = sourcecode.swift; path = B_11050.swift; sourceTree = "<group>"; };
		36FA8F5D2266DB0800608635 /* B_11729.swift */ = {isa = PBXFileReference; lastKnownFileType = sourcecode.swift; path = B_11729.swift; sourceTree = "<group>"; };
/* End PBXFileReference section */

/* Begin PBXFrameworksBuildPhase section */
		31C746DA8E923E7B9453A0C0 /* Frameworks */ = {
			isa = PBXFrameworksBuildPhase;
			buildActionMask = 2147483647;
			files = (
			);
			runOnlyForDeploymentPostprocessing = 0;
		};
/* End PBXFrameworksBuildPhase section */

/* Begin PBXGroup section */
		31C74174B8C370BD4D6F6DC3 /* Products */ = {
			isa = PBXGroup;
			children = (
				31C7456893631F7493330634 /* AlgorithmSwift */,
			);
			name = Products;
			sourceTree = "<group>";
		};
		31C742D8C175079ED02B1B78 /* Temporary */ = {
			isa = PBXGroup;
			children = (
				36FA8F5A2266C7BB00608635 /* B_11050.swift */,
				31C74955076A870801DA864C /* B_2527.swift */,
				31C74B3D197209C3E5D8BE38 /* B_10826.swift */,
				31C7410B8640DD77BCD496E1 /* B_11728.swift */,
				31C74F09C636E7509EE916E0 /* TestAlgorithm.swift */,
			);
			path = Temporary;
			sourceTree = "<group>";
		};
		31C743825BDB188D22AC9691 /* Kakao */ = {
			isa = PBXGroup;
			children = (
				31C740CFAC8957FF4AFF24A0 /* P_LastPoint.swift */,
				31C749BD1C56F5AAD89639B4 /* P_NewsClustering.swift */,
			);
			path = Kakao;
			sourceTree = "<group>";
		};
		31C7447B3C6F15EE462E408B /* Math */ = {
			isa = PBXGroup;
			children = (
				31C74B1FF2B7927EB2EA4001 /* B_1929.swift */,
				31C7480AD7AD860771F84318 /* B_2745.swift */,
				31C74179C7187D80A91A10A6 /* B_2747.swift */,
				31C74A92DC2A118692532FEC /* B_9613.swift */,
				31C744652B851671B17A8310 /* B_10872.swift */,
				31C743FF5529D99FB2372534 /* B_11005.swift */,
			);
			path = Math;
			sourceTree = "<group>";
		};
		31C744C0240F156CCFE17D24 /* String */ = {
			isa = PBXGroup;
			children = (
				31C747F84944DA0AAED5CB27 /* B_1152.swift */,
				31C74037798F77E912DA1489 /* B_10808.swift */,
				3610B24E229D671500C2C25E /* P_FindKim.swift */,
			);
			path = String;
			sourceTree = "<group>";
		};
		31C7450E38812B160EED32F6 /* Basic */ = {
			isa = PBXGroup;
			children = (
				31C74F05303817B24D1AD91B /* B_10818.swift */,
				31C740A854A713A7F61626E4 /* B_10824.swift */,
				31C742EC06AE4C00D6807228 /* B_11718.swift */,
				31C7444BA434A220C815F345 /* B_11719.swift */,
				31C7429D6DB7AAFA33C50620 /* B_11720.swift */,
				31C747B2D88465230C0A5A4E /* P_SpacedByX.swift */,
				31C74C99A0CFF5D057055861 /* P_SumOfDivisors.swift */,
				36D6CDB225BED088006D9D24 /* P_SumBetweenTwoNumbers.swift */,
			);
			path = Basic;
			sourceTree = "<group>";
		};
		31C74647810C0E32AE1419EE /* AlgorithmSwift */ = {
			isa = PBXGroup;
			children = (
				31C74189462D00E5774733B9 /* main.swift */,
				362DB880232E9DDF003CF5CF /* Utils */,
				36986DB2232CCBD2001B7A3A /* Codility */,
				3664A13A231795720008EDB3 /* Concept */,
				36FA8F5C2266DADC00608635 /* DivideAndConquer */,
				31C7450E38812B160EED32F6 /* Basic */,
				31C74B6C1CC14DD9492FD0EB /* Stack */,
				36B6D87F22659C4200AFFF6C /* Queue */,
				36D6CDAD25BEC796006D9D24 /* DynamicProgramming */,
				31C7447B3C6F15EE462E408B /* Math */,
				3610B250229D694E00C2C25E /* Greedy */,
				31C74EC3AE31CC7BA8EA2A06 /* Graph */,
				31C744C0240F156CCFE17D24 /* String */,
				31C74D91FE7848B4A5F0C06B /* Implementation */,
				31C74D84ABAF5CDA093B4F8F /* Recruit */,
				364F9D4325E23786007B45B3 /* SummerWinterCoding */,
				31C743825BDB188D22AC9691 /* Kakao */,
				31C74F70B32F9BD0BCE65CF6 /* Sort */,
				31C742D8C175079ED02B1B78 /* Temporary */,
			);
			path = AlgorithmSwift;
			sourceTree = "<group>";
		};
		31C74B6C1CC14DD9492FD0EB /* Stack */ = {
			isa = PBXGroup;
			children = (
				31C741D826056F65B9D48927 /* B_10828.swift */,
			);
			path = Stack;
			sourceTree = "<group>";
		};
		31C74B9B1F2B3AF6D89EC1B2 = {
			isa = PBXGroup;
			children = (
				31C74174B8C370BD4D6F6DC3 /* Products */,
				31C74647810C0E32AE1419EE /* AlgorithmSwift */,
			);
			sourceTree = "<group>";
		};
		31C74D84ABAF5CDA093B4F8F /* Recruit */ = {
			isa = PBXGroup;
			children = (
				363173AB24B1EC60004468B8 /* JobFair_2019 */,
				3687C8862340C7AF00C852DB /* Naver_Intern_2019 */,
				31C74101E05BFABB899E9FB2 /* Cupist_IntersectionRectArea.swift */,
				31C740A78E016248969EE2C0 /* Line_RLE.swift */,
				31C74A2173EA30586A30EB15 /* Line_TrafficCard.swift */,
				31C74857DF84FFCF9CCCD2FE /* Kakaopay_PhoneNum.swift */,
			);
			path = Recruit;
			sourceTree = "<group>";
		};
		31C74D91FE7848B4A5F0C06B /* Implementation */ = {
			isa = PBXGroup;
			children = (
				31C74F6716A42B0779479006 /* B_1924.swift */,
				31C740C249438FAB47DFD829 /* P_2016.swift */,
			);
			path = Implementation;
			sourceTree = "<group>";
		};
		31C74EC3AE31CC7BA8EA2A06 /* Graph */ = {
			isa = PBXGroup;
			children = (
				31C746648A6BCFC2C73EDF1B /* B_1260.swift */,
			);
			path = Graph;
			sourceTree = "<group>";
		};
		31C74F70B32F9BD0BCE65CF6 /* Sort */ = {
			isa = PBXGroup;
			children = (
				31C7422080AF685DF4C6390D /* B_10825.swift */,
			);
			path = Sort;
			sourceTree = "<group>";
		};
		3610B250229D694E00C2C25E /* Greedy */ = {
			isa = PBXGroup;
			children = (
				3610B251229D697200C2C25E /* P_GymSuit.swift */,
				3610B253229EB83C00C2C25E /* P_MakeBigNumber.swift */,
			);
			path = Greedy;
			sourceTree = "<group>";
		};
		362DB880232E9DDF003CF5CF /* Utils */ = {
			isa = PBXGroup;
			children = (
				362DB881232E9DF6003CF5CF /* StringExtensions.swift */,
				364F9D4B25E267DB007B45B3 /* CollectionExtensions.swift */,
			);
			path = Utils;
			sourceTree = "<group>";
		};
		363173AB24B1EC60004468B8 /* JobFair_2019 */ = {
			isa = PBXGroup;
			children = (
				363173AC24B1EC9F004468B8 /* JobFair_Anagram.swift */,
			);
			path = JobFair_2019;
			sourceTree = "<group>";
		};
		364F9D4325E23786007B45B3 /* SummerWinterCoding */ = {
			isa = PBXGroup;
			children = (
				31C74502C71756859306BF06 /* P_Budget.swift */,
				364F9D4525E23822007B45B3 /* P_SkillTree.swift */,
				364F9D4825E248D2007B45B3 /* P_EnglishEnding.swift */,
				364F9D4E25E26A29007B45B3 /* P_MakePrimeNumber.swift */,
				364F9D5125E276AF007B45B3 /* P_JumpAndTeleport.swift */,
			);
			path = SummerWinterCoding;
			sourceTree = "<group>";
		};
		3664A13A231795720008EDB3 /* Concept */ = {
			isa = PBXGroup;
			children = (
				3664A13B231795930008EDB3 /* InsertionSort.swift */,
				3664A13D231795A30008EDB3 /* BubbleSort.swift */,
				3664A13F231795AD0008EDB3 /* SelectionSort.swift */,
			);
			path = Concept;
			sourceTree = "<group>";
		};
		3687C8862340C7AF00C852DB /* Naver_Intern_2019 */ = {
			isa = PBXGroup;
			children = (
				36A73F1D232F6ECD009AD57B /* Naver_Intern_1.swift */,
				36A73F1F232F6ED6009AD57B /* Naver_Intern_2.swift */,
				36A73F21232F6EE2009AD57B /* Naver_Intern_3.swift */,
				3687C8872340D05600C852DB /* HandCoding.swift */,
			);
			path = Naver_Intern_2019;
			sourceTree = "<group>";
		};
		36986DB2232CCBD2001B7A3A /* Codility */ = {
			isa = PBXGroup;
			children = (
				36986DB3232CCBF0001B7A3A /* BinaryGap.swift */,
				36986DB7232D0704001B7A3A /* CyclicRotation.swift */,
				36986DB5232CD40D001B7A3A /* OddOccurrencesInArray.swift */,
				36986DB9232D0FA0001B7A3A /* FrogJmp.swift */,
				36986DBB232D32ED001B7A3A /* PermMissingElem.swift */,
				363173A924B1DD4F004468B8 /* TapeEquilibrium.swift */,
			);
			path = Codility;
			sourceTree = "<group>";
		};
		36B6D87F22659C4200AFFF6C /* Queue */ = {
			isa = PBXGroup;
			children = (
				36B6D88022659C7300AFFF6C /* B_10845.swift */,
			);
			path = Queue;
			sourceTree = "<group>";
		};
		36D6CDAD25BEC796006D9D24 /* DynamicProgramming */ = {
			isa = PBXGroup;
			children = (
				31C74812F53D27E6BA1574EC /* B_1003.swift */,
				36D6CDAE25BEC7C2006D9D24 /* B_1463.swift */,
			);
			path = DynamicProgramming;
			sourceTree = "<group>";
		};
		36FA8F5C2266DADC00608635 /* DivideAndConquer */ = {
			isa = PBXGroup;
			children = (
				36FA8F5D2266DB0800608635 /* B_11729.swift */,
			);
			path = DivideAndConquer;
			sourceTree = "<group>";
		};
/* End PBXGroup section */

/* Begin PBXNativeTarget section */
		31C7400B9933531E766082A1 /* AlgorithmSwift */ = {
			isa = PBXNativeTarget;
			buildConfigurationList = 31C74D444BBF6B785B371C29 /* Build configuration list for PBXNativeTarget "AlgorithmSwift" */;
			buildPhases = (
				31C7472E627DA1193DB7AEB9 /* Sources */,
				31C746DA8E923E7B9453A0C0 /* Frameworks */,
				31C74A06B00A217BE2CFE5C3 /* CopyFiles */,
			);
			buildRules = (
			);
			dependencies = (
			);
			name = AlgorithmSwift;
			productName = AlgorithmSwift;
			productReference = 31C7456893631F7493330634 /* AlgorithmSwift */;
			productType = "com.apple.product-type.tool";
		};
/* End PBXNativeTarget section */

/* Begin PBXProject section */
		31C74C6444A7361E79EF8940 /* Project object */ = {
			isa = PBXProject;
			attributes = {
				LastUpgradeCheck = 1020;
				ORGANIZATIONNAME = Jinuman;
				TargetAttributes = {
					31C7400B9933531E766082A1 = {
						LastSwiftMigration = 1020;
					};
				};
			};
			buildConfigurationList = 31C745D1C9186C8F1769C448 /* Build configuration list for PBXProject "AlgorithmSwift" */;
			compatibilityVersion = "Xcode 3.2";
			developmentRegion = en;
			hasScannedForEncodings = 0;
			knownRegions = (
				en,
				Base,
			);
			mainGroup = 31C74B9B1F2B3AF6D89EC1B2;
			productRefGroup = 31C74174B8C370BD4D6F6DC3 /* Products */;
			projectDirPath = "";
			projectRoot = "";
			targets = (
				31C7400B9933531E766082A1 /* AlgorithmSwift */,
			);
		};
/* End PBXProject section */

/* Begin PBXSourcesBuildPhase section */
		31C7472E627DA1193DB7AEB9 /* Sources */ = {
			isa = PBXSourcesBuildPhase;
			buildActionMask = 2147483647;
			files = (
				36FA8F5E2266DB0800608635 /* B_11729.swift in Sources */,
				31C74253E338D91967458A3A /* main.swift in Sources */,
				31C741F5244AA228E2AF6EE2 /* B_10818.swift in Sources */,
				3664A13C231795930008EDB3 /* InsertionSort.swift in Sources */,
				3664A140231795AD0008EDB3 /* SelectionSort.swift in Sources */,
				36D6CDAF25BEC7C2006D9D24 /* B_1463.swift in Sources */,
				364F9D4625E23822007B45B3 /* P_SkillTree.swift in Sources */,
				31C7478345CB5192E90ABB3D /* B_11718.swift in Sources */,
				31C74CBFD3FCC2BDFA18CCE6 /* B_11719.swift in Sources */,
				364F9D4C25E267DB007B45B3 /* CollectionExtensions.swift in Sources */,
				31C7465D3438B84F0355F6D6 /* B_1260.swift in Sources */,
				362DB882232E9DF6003CF5CF /* StringExtensions.swift in Sources */,
				31C74014DC7CD83C5835CA97 /* B_11728.swift in Sources */,
				31C7412B40FDA73F4CC64100 /* P_2016.swift in Sources */,
				31C7421876D70CEC253C5BDF /* B_1924.swift in Sources */,
				31C74860789A7FEF185C3D2C /* TestAlgorithm.swift in Sources */,
				364F9D5225E276AF007B45B3 /* P_JumpAndTeleport.swift in Sources */,
				36A73F22232F6EE2009AD57B /* Naver_Intern_3.swift in Sources */,
				31C7450574C67C5669C4F0CE /* Cupist_IntersectionRectArea.swift in Sources */,
				36D6CDB325BED088006D9D24 /* P_SumBetweenTwoNumbers.swift in Sources */,
				3610B252229D697200C2C25E /* P_GymSuit.swift in Sources */,
				31C74B68D4592FB3EEA2B3BC /* B_2527.swift in Sources */,
				31C740E178BA13EDBC08F9D3 /* B_1929.swift in Sources */,
				31C74787F0397B04364A7809 /* B_9613.swift in Sources */,
				31C740767C025FA013F6EEC9 /* B_10872.swift in Sources */,
				363173AA24B1DD4F004468B8 /* TapeEquilibrium.swift in Sources */,
				36A73F20232F6ED6009AD57B /* Naver_Intern_2.swift in Sources */,
				31C745F1432526D7C5BA7660 /* B_2747.swift in Sources */,
				36B6D88122659C7300AFFF6C /* B_10845.swift in Sources */,
				3664A13E231795A30008EDB3 /* BubbleSort.swift in Sources */,
				31C74E3F55C8349268BA9980 /* B_10824.swift in Sources */,
				31C7489B6AFEF015924CA305 /* P_LastPoint.swift in Sources */,
				31C74E2A812E6646F903CD89 /* P_NewsClustering.swift in Sources */,
				3610B254229EB83C00C2C25E /* P_MakeBigNumber.swift in Sources */,
				31C744BAF0E373A1674EF2EF /* B_10825.swift in Sources */,
				31C743D3DD6A0615F28400DF /* Line_RLE.swift in Sources */,
				31C7423F6D230F93CE6D8B95 /* Line_TrafficCard.swift in Sources */,
				36986DB4232CCBF0001B7A3A /* BinaryGap.swift in Sources */,
				364F9D4925E248D2007B45B3 /* P_EnglishEnding.swift in Sources */,
				36A73F1E232F6ECD009AD57B /* Naver_Intern_1.swift in Sources */,
				36986DBA232D0FA0001B7A3A /* FrogJmp.swift in Sources */,
				31C74D863F636EA248412FEA /* P_Budget.swift in Sources */,
				36FA8F5B2266C7BB00608635 /* B_11050.swift in Sources */,
				31C748A9FEA51FA7896031AF /* Kakaopay_PhoneNum.swift in Sources */,
				31C746D42F70AD07E29D41BC /* B_10826.swift in Sources */,
				363173AD24B1EC9F004468B8 /* JobFair_Anagram.swift in Sources */,
				31C749736CC2D9E98D31C69C /* B_11720.swift in Sources */,
				31C742A4739E4741405875FE /* P_SumOfDivisors.swift in Sources */,
				36986DBC232D32ED001B7A3A /* PermMissingElem.swift in Sources */,
				31C749512864298F47F6595E /* P_SpacedByX.swift in Sources */,
				31C74BEE67891A370D675F97 /* B_1152.swift in Sources */,
				31C741FCF27B949BD340F8AA /* B_10808.swift in Sources */,
				3610B24F229D671500C2C25E /* P_FindKim.swift in Sources */,
				31C740BC32C80D8B4D73C374 /* B_1003.swift in Sources */,
				3687C8882340D05600C852DB /* HandCoding.swift in Sources */,
				31C74E35A95ECAD3BD41ADCD /* B_11005.swift in Sources */,
				31C74A5A2F58FAFDE75E3659 /* B_2745.swift in Sources */,
				36986DB6232CD40D001B7A3A /* OddOccurrencesInArray.swift in Sources */,
				364F9D4F25E26A29007B45B3 /* P_MakePrimeNumber.swift in Sources */,
				31C748A49058F99488ABE881 /* B_10828.swift in Sources */,
				36986DB8232D0704001B7A3A /* CyclicRotation.swift in Sources */,
			);
			runOnlyForDeploymentPostprocessing = 0;
		};
/* End PBXSourcesBuildPhase section */

/* Begin XCBuildConfiguration section */
		31C741E0DD4530B3F059CA9A /* Release */ = {
			isa = XCBuildConfiguration;
			buildSettings = {
				ALWAYS_SEARCH_USER_PATHS = NO;
				CLANG_ANALYZER_LOCALIZABILITY_NONLOCALIZED = YES;
				CLANG_ANALYZER_NONNULL = YES;
				CLANG_ANALYZER_NUMBER_OBJECT_CONVERSION = YES_AGGRESSIVE;
				CLANG_CXX_LANGUAGE_STANDARD = "gnu++14";
				CLANG_CXX_LIBRARY = "libc++";
				CLANG_ENABLE_MODULES = YES;
				CLANG_ENABLE_OBJC_ARC = YES;
				CLANG_ENABLE_OBJC_WEAK = YES;
				CLANG_WARN_BLOCK_CAPTURE_AUTORELEASING = YES;
				CLANG_WARN_BOOL_CONVERSION = YES;
				CLANG_WARN_COMMA = YES;
				CLANG_WARN_CONSTANT_CONVERSION = YES;
				CLANG_WARN_DEPRECATED_OBJC_IMPLEMENTATIONS = YES;
				CLANG_WARN_DIRECT_OBJC_ISA_USAGE = YES_ERROR;
				CLANG_WARN_DOCUMENTATION_COMMENTS = YES;
				CLANG_WARN_EMPTY_BODY = YES;
				CLANG_WARN_ENUM_CONVERSION = YES;
				CLANG_WARN_INFINITE_RECURSION = YES;
				CLANG_WARN_INT_CONVERSION = YES;
				CLANG_WARN_NON_LITERAL_NULL_CONVERSION = YES;
				CLANG_WARN_OBJC_IMPLICIT_RETAIN_SELF = YES;
				CLANG_WARN_OBJC_LITERAL_CONVERSION = YES;
				CLANG_WARN_OBJC_ROOT_CLASS = YES_ERROR;
				CLANG_WARN_RANGE_LOOP_ANALYSIS = YES;
				CLANG_WARN_STRICT_PROTOTYPES = YES;
				CLANG_WARN_SUSPICIOUS_MOVE = YES;
				CLANG_WARN_UNGUARDED_AVAILABILITY = YES_AGGRESSIVE;
				CLANG_WARN_UNREACHABLE_CODE = YES;
				CLANG_WARN__DUPLICATE_METHOD_MATCH = YES;
				CODE_SIGN_IDENTITY = "-";
				COPY_PHASE_STRIP = NO;
				DEBUG_INFORMATION_FORMAT = "dwarf-with-dsym";
				ENABLE_NS_ASSERTIONS = NO;
				ENABLE_STRICT_OBJC_MSGSEND = YES;
				GCC_C_LANGUAGE_STANDARD = gnu11;
				GCC_NO_COMMON_BLOCKS = YES;
				GCC_WARN_64_TO_32_BIT_CONVERSION = YES;
				GCC_WARN_ABOUT_RETURN_TYPE = YES_ERROR;
				GCC_WARN_UNDECLARED_SELECTOR = YES;
				GCC_WARN_UNINITIALIZED_AUTOS = YES_AGGRESSIVE;
				GCC_WARN_UNUSED_FUNCTION = YES;
				GCC_WARN_UNUSED_VARIABLE = YES;
				MACOSX_DEPLOYMENT_TARGET = 10.13;
				MTL_ENABLE_DEBUG_INFO = NO;
				MTL_FAST_MATH = YES;
				SDKROOT = macosx;
				SWIFT_OPTIMIZATION_LEVEL = "-Owholemodule";
			};
			name = Release;
		};
		31C74538A75F03D52F89C8E6 /* Debug */ = {
			isa = XCBuildConfiguration;
			buildSettings = {
				ALWAYS_SEARCH_USER_PATHS = NO;
				CLANG_ANALYZER_LOCALIZABILITY_NONLOCALIZED = YES;
				CLANG_ANALYZER_NONNULL = YES;
				CLANG_ANALYZER_NUMBER_OBJECT_CONVERSION = YES_AGGRESSIVE;
				CLANG_CXX_LANGUAGE_STANDARD = "gnu++14";
				CLANG_CXX_LIBRARY = "libc++";
				CLANG_ENABLE_MODULES = YES;
				CLANG_ENABLE_OBJC_ARC = YES;
				CLANG_ENABLE_OBJC_WEAK = YES;
				CLANG_WARN_BLOCK_CAPTURE_AUTORELEASING = YES;
				CLANG_WARN_BOOL_CONVERSION = YES;
				CLANG_WARN_COMMA = YES;
				CLANG_WARN_CONSTANT_CONVERSION = YES;
				CLANG_WARN_DEPRECATED_OBJC_IMPLEMENTATIONS = YES;
				CLANG_WARN_DIRECT_OBJC_ISA_USAGE = YES_ERROR;
				CLANG_WARN_DOCUMENTATION_COMMENTS = YES;
				CLANG_WARN_EMPTY_BODY = YES;
				CLANG_WARN_ENUM_CONVERSION = YES;
				CLANG_WARN_INFINITE_RECURSION = YES;
				CLANG_WARN_INT_CONVERSION = YES;
				CLANG_WARN_NON_LITERAL_NULL_CONVERSION = YES;
				CLANG_WARN_OBJC_IMPLICIT_RETAIN_SELF = YES;
				CLANG_WARN_OBJC_LITERAL_CONVERSION = YES;
				CLANG_WARN_OBJC_ROOT_CLASS = YES_ERROR;
				CLANG_WARN_RANGE_LOOP_ANALYSIS = YES;
				CLANG_WARN_STRICT_PROTOTYPES = YES;
				CLANG_WARN_SUSPICIOUS_MOVE = YES;
				CLANG_WARN_UNGUARDED_AVAILABILITY = YES_AGGRESSIVE;
				CLANG_WARN_UNREACHABLE_CODE = YES;
				CLANG_WARN__DUPLICATE_METHOD_MATCH = YES;
				CODE_SIGN_IDENTITY = "-";
				COPY_PHASE_STRIP = NO;
				DEBUG_INFORMATION_FORMAT = dwarf;
				ENABLE_STRICT_OBJC_MSGSEND = YES;
				ENABLE_TESTABILITY = YES;
				GCC_C_LANGUAGE_STANDARD = gnu11;
				GCC_DYNAMIC_NO_PIC = NO;
				GCC_NO_COMMON_BLOCKS = YES;
				GCC_OPTIMIZATION_LEVEL = 0;
				GCC_PREPROCESSOR_DEFINITIONS = (
					"DEBUG=1",
					"$(inherited)",
				);
				GCC_WARN_64_TO_32_BIT_CONVERSION = YES;
				GCC_WARN_ABOUT_RETURN_TYPE = YES_ERROR;
				GCC_WARN_UNDECLARED_SELECTOR = YES;
				GCC_WARN_UNINITIALIZED_AUTOS = YES_AGGRESSIVE;
				GCC_WARN_UNUSED_FUNCTION = YES;
				GCC_WARN_UNUSED_VARIABLE = YES;
				MACOSX_DEPLOYMENT_TARGET = 10.13;
				MTL_ENABLE_DEBUG_INFO = INCLUDE_SOURCE;
				MTL_FAST_MATH = YES;
				ONLY_ACTIVE_ARCH = YES;
				SDKROOT = macosx;
				SWIFT_ACTIVE_COMPILATION_CONDITIONS = DEBUG;
				SWIFT_OPTIMIZATION_LEVEL = "-Onone";
			};
			name = Debug;
		};
		31C7463AA9CD4BC9BB79B343 /* Debug */ = {
			isa = XCBuildConfiguration;
			buildSettings = {
				PRODUCT_NAME = "$(TARGET_NAME)";
				SWIFT_VERSION = 5.0;
			};
			name = Debug;
		};
		31C746657E3A447FE11A92DB /* Release */ = {
			isa = XCBuildConfiguration;
			buildSettings = {
				PRODUCT_NAME = "$(TARGET_NAME)";
				SWIFT_VERSION = 5.0;
			};
			name = Release;
		};
/* End XCBuildConfiguration section */

/* Begin XCConfigurationList section */
		31C745D1C9186C8F1769C448 /* Build configuration list for PBXProject "AlgorithmSwift" */ = {
			isa = XCConfigurationList;
			buildConfigurations = (
				31C74538A75F03D52F89C8E6 /* Debug */,
				31C741E0DD4530B3F059CA9A /* Release */,
			);
			defaultConfigurationIsVisible = 0;
			defaultConfigurationName = Release;
		};
		31C74D444BBF6B785B371C29 /* Build configuration list for PBXNativeTarget "AlgorithmSwift" */ = {
			isa = XCConfigurationList;
			buildConfigurations = (
				31C7463AA9CD4BC9BB79B343 /* Debug */,
				31C746657E3A447FE11A92DB /* Release */,
			);
			defaultConfigurationIsVisible = 0;
			defaultConfigurationName = Release;
		};
/* End XCConfigurationList section */
	};
	rootObject = 31C74C6444A7361E79EF8940 /* Project object */;
}
